
Microsoft Visual Studio Solution File, Format Version 12.00
# Visual Studio Version 17
VisualStudioVersion = 17.8.34330.188
MinimumVisualStudioVersion = 10.0.40219.1
Project("{9A19103F-16F7-4668-BE54-9A1E7A4F7556}") = "Com.VanQuoc.MathUtil.Core", "Com.VanQuoc.MathUtil.Core\Com.VanQuoc.MathUtil.Core.csproj", "{D25C432A-C16B-4926-A7EA-F63F1B6F54A9}"
EndProject
Project("{FAE04EC0-301F-11D3-BF4B-00C04F79EFBC}") = "Com.VanQuoc.MathUtil.Test", "Com.VanQuoc.MathUtil.Test\Com.VanQuoc.MathUtil.Test.csproj", "{DFD75960-D08A-4497-876B-7DA1BF454F5F}"
EndProject
Global
	GlobalSection(SolutionConfigurationPlatforms) = preSolution
		Debug|Any CPU = Debug|Any CPU
		Release|Any CPU = Release|Any CPU
	EndGlobalSection
	GlobalSection(ProjectConfigurationPlatforms) = postSolution
		{D25C432A-C16B-4926-A7EA-F63F1B6F54A9}.Debug|Any CPU.ActiveCfg = Debug|Any CPU
		{D25C432A-C16B-4926-A7EA-F63F1B6F54A9}.Debug|Any CPU.Build.0 = Debug|Any CPU
		{D25C432A-C16B-4926-A7EA-F63F1B6F54A9}.Release|Any CPU.ActiveCfg = Release|Any CPU
		{D25C432A-C16B-4926-A7EA-F63F1B6F54A9}.Release|Any CPU.Build.0 = Release|Any CPU
		{DFD75960-D08A-4497-876B-7DA1BF454F5F}.Debug|Any CPU.ActiveCfg = Debug|Any CPU
		{DFD75960-D08A-4497-876B-7DA1BF454F5F}.Debug|Any CPU.Build.0 = Debug|Any CPU
		{DFD75960-D08A-4497-876B-7DA1BF454F5F}.Release|Any CPU.ActiveCfg = Release|Any CPU
		{DFD75960-D08A-4497-876B-7DA1BF454F5F}.Release|Any CPU.Build.0 = Release|Any CPU
	EndGlobalSection
	GlobalSection(SolutionProperties) = preSolution
		HideSolutionNode = FALSE
	EndGlobalSection
	GlobalSection(ExtensibilityGlobals) = postSolution
		SolutionGuid = {6683B9F7-3E03-44AD-BEEF-E7A20979B203}
	EndGlobalSection
EndGlobal
